
Microsoft Visual Studio Solution File, Format Version 12.00
# Visual Studio Version 17
VisualStudioVersion = 17.8.34525.116
MinimumVisualStudioVersion = 10.0.40219.1
Project("{FAE04EC0-301F-11D3-BF4B-00C04F79EFBC}") = "CompressLab", "CompressLab.csproj", "{BA83E95C-3451-4B84-895F-C6AB584000AA}"
EndProject
Global
	GlobalSection(SolutionConfigurationPlatforms) = preSolution
		Debug|Any CPU = Debug|Any CPU
		Release|Any CPU = Release|Any CPU
	EndGlobalSection
	GlobalSection(ProjectConfigurationPlatforms) = postSolution
		{BA83E95C-3451-4B84-895F-C6AB584000AA}.Debug|Any CPU.ActiveCfg = Debug|Any CPU
		{BA83E95C-3451-4B84-895F-C6AB584000AA}.Debug|Any CPU.Build.0 = Debug|Any CPU
		{BA83E95C-3451-4B84-895F-C6AB584000AA}.Release|Any CPU.ActiveCfg = Release|Any CPU
		{BA83E95C-3451-4B84-895F-C6AB584000AA}.Release|Any CPU.Build.0 = Release|Any CPU
	EndGlobalSection
	GlobalSection(SolutionProperties) = preSolution
		HideSolutionNode = FALSE
	EndGlobalSection
	GlobalSection(ExtensibilityGlobals) = postSolution
		SolutionGuid = {941E1AFE-A240-41E5-BF23-058BBB3B48FF}
	EndGlobalSection
EndGlobal
